
Microsoft Visual Studio Solution File, Format Version 12.00
# Visual Studio Version 16
VisualStudioVersion = 16.0.31515.178
MinimumVisualStudioVersion = 10.0.40219.1
Project("{888888A0-9F3D-457C-B088-3A5042F75D52}") = "COURSE PROJECT PART 4", "COURSE PROJECT PART 4.pyproj", "{646B67AE-FAD1-45AD-9547-2FA454DD8083}"
EndProject
Global
	GlobalSection(SolutionConfigurationPlatforms) = preSolution
		Debug|Any CPU = Debug|Any CPU
		Release|Any CPU = Release|Any CPU
	EndGlobalSection
	GlobalSection(ProjectConfigurationPlatforms) = postSolution
		{646B67AE-FAD1-45AD-9547-2FA454DD8083}.Debug|Any CPU.ActiveCfg = Debug|Any CPU
		{646B67AE-FAD1-45AD-9547-2FA454DD8083}.Release|Any CPU.ActiveCfg = Release|Any CPU
	EndGlobalSection
	GlobalSection(SolutionProperties) = preSolution
		HideSolutionNode = FALSE
	EndGlobalSection
	GlobalSection(ExtensibilityGlobals) = postSolution
		SolutionGuid = {934EEA45-A547-48BD-9556-6786CDDE5129}
	EndGlobalSection
EndGlobal
